
Microsoft Visual Studio Solution File, Format Version 12.00
# Visual Studio Express 2012 for Windows Desktop
Project("{FAE04EC0-301F-11D3-BF4B-00C04F79EFBC}") = "ArrayList1", "ArrayList1\ArrayList1.csproj", "{709619C3-1ADB-4BBE-A5DD-4F085AD1D04C}"
EndProject
Global
	GlobalSection(SolutionConfigurationPlatforms) = preSolution
		Debug|Any CPU = Debug|Any CPU
		Release|Any CPU = Release|Any CPU
	EndGlobalSection
	GlobalSection(ProjectConfigurationPlatforms) = postSolution
		{709619C3-1ADB-4BBE-A5DD-4F085AD1D04C}.Debug|Any CPU.ActiveCfg = Debug|Any CPU
		{709619C3-1ADB-4BBE-A5DD-4F085AD1D04C}.Debug|Any CPU.Build.0 = Debug|Any CPU
		{709619C3-1ADB-4BBE-A5DD-4F085AD1D04C}.Release|Any CPU.ActiveCfg = Release|Any CPU
		{709619C3-1ADB-4BBE-A5DD-4F085AD1D04C}.Release|Any CPU.Build.0 = Release|Any CPU
	EndGlobalSection
	GlobalSection(SolutionProperties) = preSolution
		HideSolutionNode = FALSE
	EndGlobalSection
EndGlobal
