
Microsoft Visual Studio Solution File, Format Version 12.00
# Visual Studio Express 2012 for Windows Desktop
Project("{FAE04EC0-301F-11D3-BF4B-00C04F79EFBC}") = "CollectionOfObjects1", "CollectionOfObjects1\CollectionOfObjects1.csproj", "{FE02EDEC-E93B-40DC-9F25-D59BA9BD0324}"
EndProject
Global
	GlobalSection(SolutionConfigurationPlatforms) = preSolution
		Debug|Any CPU = Debug|Any CPU
		Release|Any CPU = Release|Any CPU
	EndGlobalSection
	GlobalSection(ProjectConfigurationPlatforms) = postSolution
		{FE02EDEC-E93B-40DC-9F25-D59BA9BD0324}.Debug|Any CPU.ActiveCfg = Debug|Any CPU
		{FE02EDEC-E93B-40DC-9F25-D59BA9BD0324}.Debug|Any CPU.Build.0 = Debug|Any CPU
		{FE02EDEC-E93B-40DC-9F25-D59BA9BD0324}.Release|Any CPU.ActiveCfg = Release|Any CPU
		{FE02EDEC-E93B-40DC-9F25-D59BA9BD0324}.Release|Any CPU.Build.0 = Release|Any CPU
	EndGlobalSection
	GlobalSection(SolutionProperties) = preSolution
		HideSolutionNode = FALSE
	EndGlobalSection
EndGlobal
