
Microsoft Visual Studio Solution File, Format Version 12.00
# Visual Studio Express 2012 for Windows Desktop
Project("{FAE04EC0-301F-11D3-BF4B-00C04F79EFBC}") = "Structure", "Structure\Structure.csproj", "{718BFF7B-2923-4E30-A38D-DCD71FCB6AD8}"
EndProject
Project("{FAE04EC0-301F-11D3-BF4B-00C04F79EFBC}") = "ClassLibrary1", "ClassLibrary1\ClassLibrary1.csproj", "{F01B7C0C-00CC-4DB1-8BDE-2AADE6FB49A4}"
EndProject
Global
	GlobalSection(SolutionConfigurationPlatforms) = preSolution
		Debug|Any CPU = Debug|Any CPU
		Release|Any CPU = Release|Any CPU
	EndGlobalSection
	GlobalSection(ProjectConfigurationPlatforms) = postSolution
		{718BFF7B-2923-4E30-A38D-DCD71FCB6AD8}.Debug|Any CPU.ActiveCfg = Debug|Any CPU
		{718BFF7B-2923-4E30-A38D-DCD71FCB6AD8}.Debug|Any CPU.Build.0 = Debug|Any CPU
		{718BFF7B-2923-4E30-A38D-DCD71FCB6AD8}.Release|Any CPU.ActiveCfg = Release|Any CPU
		{718BFF7B-2923-4E30-A38D-DCD71FCB6AD8}.Release|Any CPU.Build.0 = Release|Any CPU
		{F01B7C0C-00CC-4DB1-8BDE-2AADE6FB49A4}.Debug|Any CPU.ActiveCfg = Debug|Any CPU
		{F01B7C0C-00CC-4DB1-8BDE-2AADE6FB49A4}.Debug|Any CPU.Build.0 = Debug|Any CPU
		{F01B7C0C-00CC-4DB1-8BDE-2AADE6FB49A4}.Release|Any CPU.ActiveCfg = Release|Any CPU
		{F01B7C0C-00CC-4DB1-8BDE-2AADE6FB49A4}.Release|Any CPU.Build.0 = Release|Any CPU
	EndGlobalSection
	GlobalSection(SolutionProperties) = preSolution
		HideSolutionNode = FALSE
	EndGlobalSection
EndGlobal
