
Microsoft Visual Studio Solution File, Format Version 12.00
# Visual Studio Express 2012 for Windows Desktop
Project("{FAE04EC0-301F-11D3-BF4B-00C04F79EFBC}") = "Asignment26", "Asignment26\Asignment26.csproj", "{60F56D91-5914-4B0A-A27B-7BDB6697F46D}"
EndProject
Project("{FAE04EC0-301F-11D3-BF4B-00C04F79EFBC}") = "Demo", "Demo\Demo.csproj", "{E0D724B2-DAEA-4E3A-AAB6-2DA822BFD471}"
EndProject
Global
	GlobalSection(SolutionConfigurationPlatforms) = preSolution
		Debug|Any CPU = Debug|Any CPU
		Release|Any CPU = Release|Any CPU
	EndGlobalSection
	GlobalSection(ProjectConfigurationPlatforms) = postSolution
		{60F56D91-5914-4B0A-A27B-7BDB6697F46D}.Debug|Any CPU.ActiveCfg = Debug|Any CPU
		{60F56D91-5914-4B0A-A27B-7BDB6697F46D}.Debug|Any CPU.Build.0 = Debug|Any CPU
		{60F56D91-5914-4B0A-A27B-7BDB6697F46D}.Release|Any CPU.ActiveCfg = Release|Any CPU
		{60F56D91-5914-4B0A-A27B-7BDB6697F46D}.Release|Any CPU.Build.0 = Release|Any CPU
		{E0D724B2-DAEA-4E3A-AAB6-2DA822BFD471}.Debug|Any CPU.ActiveCfg = Debug|Any CPU
		{E0D724B2-DAEA-4E3A-AAB6-2DA822BFD471}.Debug|Any CPU.Build.0 = Debug|Any CPU
		{E0D724B2-DAEA-4E3A-AAB6-2DA822BFD471}.Release|Any CPU.ActiveCfg = Release|Any CPU
		{E0D724B2-DAEA-4E3A-AAB6-2DA822BFD471}.Release|Any CPU.Build.0 = Release|Any CPU
	EndGlobalSection
	GlobalSection(SolutionProperties) = preSolution
		HideSolutionNode = FALSE
	EndGlobalSection
EndGlobal
