
Microsoft Visual Studio Solution File, Format Version 12.00
# Visual Studio Express 2012 for Windows Desktop
Project("{FAE04EC0-301F-11D3-BF4B-00C04F79EFBC}") = "APracticeConsole", "APracticeConsole\APracticeConsole.csproj", "{7B04D84C-2D1D-4BF2-8E7D-8A3DAD1FA392}"
EndProject
Global
	GlobalSection(SolutionConfigurationPlatforms) = preSolution
		Debug|Any CPU = Debug|Any CPU
		Release|Any CPU = Release|Any CPU
	EndGlobalSection
	GlobalSection(ProjectConfigurationPlatforms) = postSolution
		{7B04D84C-2D1D-4BF2-8E7D-8A3DAD1FA392}.Debug|Any CPU.ActiveCfg = Debug|Any CPU
		{7B04D84C-2D1D-4BF2-8E7D-8A3DAD1FA392}.Debug|Any CPU.Build.0 = Debug|Any CPU
		{7B04D84C-2D1D-4BF2-8E7D-8A3DAD1FA392}.Release|Any CPU.ActiveCfg = Release|Any CPU
		{7B04D84C-2D1D-4BF2-8E7D-8A3DAD1FA392}.Release|Any CPU.Build.0 = Release|Any CPU
	EndGlobalSection
	GlobalSection(SolutionProperties) = preSolution
		HideSolutionNode = FALSE
	EndGlobalSection
EndGlobal
